// !$*UTF8*$!
{
	archiveVersion = 1;
	classes = {
	};
	objectVersion = 51;
	objects = {

/* Begin PBXBuildFile section */
		AB14388C24157990006252C2 /* AppDelegate.swift in Sources */ = {isa = PBXBuildFile; fileRef = AB14388B24157990006252C2 /* AppDelegate.swift */; };
		AB14388E24157990006252C2 /* SceneDelegate.swift in Sources */ = {isa = PBXBuildFile; fileRef = AB14388D24157990006252C2 /* SceneDelegate.swift */; };
		AB14389024157990006252C2 /* ViewController.swift in Sources */ = {isa = PBXBuildFile; fileRef = AB14388F24157990006252C2 /* ViewController.swift */; };
		AB14389324157990006252C2 /* Main.storyboard in Resources */ = {isa = PBXBuildFile; fileRef = AB14389124157990006252C2 /* Main.storyboard */; };
		AB14389524157990006252C2 /* Assets.xcassets in Resources */ = {isa = PBXBuildFile; fileRef = AB14389424157990006252C2 /* Assets.xcassets */; };
		AB14389824157990006252C2 /* LaunchScreen.storyboard in Resources */ = {isa = PBXBuildFile; fileRef = AB14389624157990006252C2 /* LaunchScreen.storyboard */; };
		AB1438A3241581DB006252C2 /* LoginViewController.swift in Sources */ = {isa = PBXBuildFile; fileRef = AB1438A2241581DB006252C2 /* LoginViewController.swift */; };
		AB1438A5241581FF006252C2 /* RegisterViewController.swift in Sources */ = {isa = PBXBuildFile; fileRef = AB1438A4241581FF006252C2 /* RegisterViewController.swift */; };
		AB1438A72415838F006252C2 /* Constants.swift in Sources */ = {isa = PBXBuildFile; fileRef = AB1438A62415838F006252C2 /* Constants.swift */; };
		AB1438A9241584F5006252C2 /* GoogleService-Info.plist in Resources */ = {isa = PBXBuildFile; fileRef = AB1438A8241584F5006252C2 /* GoogleService-Info.plist */; };
		AB1E4AE4242638A00080DD85 /* Debt.swift in Sources */ = {isa = PBXBuildFile; fileRef = AB1E4AE3242638A00080DD85 /* Debt.swift */; };
		AB1E4AE6242642210080DD85 /* AddExpenseViewController.swift in Sources */ = {isa = PBXBuildFile; fileRef = AB1E4AE5242642210080DD85 /* AddExpenseViewController.swift */; };
		AB631F452430F7CD00B14C0F /* ExpenseBrain.swift in Sources */ = {isa = PBXBuildFile; fileRef = AB631F442430F7CD00B14C0F /* ExpenseBrain.swift */; };
		AB7612CD24158D4900846D6E /* DebtsViewController.swift in Sources */ = {isa = PBXBuildFile; fileRef = AB7612CC24158D4900846D6E /* DebtsViewController.swift */; };
		AB7612D02415920000846D6E /* ExpenseTableViewCell.swift in Sources */ = {isa = PBXBuildFile; fileRef = AB7612CE2415920000846D6E /* ExpenseTableViewCell.swift */; };
		AB7612D12415920000846D6E /* ExpenseTableViewCell.xib in Resources */ = {isa = PBXBuildFile; fileRef = AB7612CF2415920000846D6E /* ExpenseTableViewCell.xib */; };
		ABECAD85243E2373009B23BC /* ContactTableViewController.swift in Sources */ = {isa = PBXBuildFile; fileRef = ABECAD84243E2373009B23BC /* ContactTableViewController.swift */; };
		ABECAD87243E2460009B23BC /* ContactBrain.swift in Sources */ = {isa = PBXBuildFile; fileRef = ABECAD86243E2460009B23BC /* ContactBrain.swift */; };
		ABECAD8A243E2632009B23BC /* ContactTableViewCell.swift in Sources */ = {isa = PBXBuildFile; fileRef = ABECAD88243E2632009B23BC /* ContactTableViewCell.swift */; };
		ABECAD8B243E2632009B23BC /* ContactTableViewCell.xib in Resources */ = {isa = PBXBuildFile; fileRef = ABECAD89243E2632009B23BC /* ContactTableViewCell.xib */; };
		CF0A9B994D3BA740E19EACB4 /* Pods_iOweYou.framework in Frameworks */ = {isa = PBXBuildFile; fileRef = 6FBCA0E1CE4CAE9C8BF5F0CE /* Pods_iOweYou.framework */; };
/* End PBXBuildFile section */

/* Begin PBXFileReference section */
		455201B427916A6C42180875 /* Pods-iOweYou.debug.xcconfig */ = {isa = PBXFileReference; includeInIndex = 1; lastKnownFileType = text.xcconfig; name = "Pods-iOweYou.debug.xcconfig"; path = "Target Support Files/Pods-iOweYou/Pods-iOweYou.debug.xcconfig"; sourceTree = "<group>"; };
		6FBCA0E1CE4CAE9C8BF5F0CE /* Pods_iOweYou.framework */ = {isa = PBXFileReference; explicitFileType = wrapper.framework; includeInIndex = 0; path = Pods_iOweYou.framework; sourceTree = BUILT_PRODUCTS_DIR; };
		8B9C7BD869DEE42493C5C6A5 /* Pods-iOweYou.release.xcconfig */ = {isa = PBXFileReference; includeInIndex = 1; lastKnownFileType = text.xcconfig; name = "Pods-iOweYou.release.xcconfig"; path = "Target Support Files/Pods-iOweYou/Pods-iOweYou.release.xcconfig"; sourceTree = "<group>"; };
		AB14388824157990006252C2 /* iOweYou.app */ = {isa = PBXFileReference; explicitFileType = wrapper.application; includeInIndex = 0; path = iOweYou.app; sourceTree = BUILT_PRODUCTS_DIR; };
		AB14388B24157990006252C2 /* AppDelegate.swift */ = {isa = PBXFileReference; lastKnownFileType = sourcecode.swift; path = AppDelegate.swift; sourceTree = "<group>"; };
		AB14388D24157990006252C2 /* SceneDelegate.swift */ = {isa = PBXFileReference; lastKnownFileType = sourcecode.swift; path = SceneDelegate.swift; sourceTree = "<group>"; };
		AB14388F24157990006252C2 /* ViewController.swift */ = {isa = PBXFileReference; lastKnownFileType = sourcecode.swift; path = ViewController.swift; sourceTree = "<group>"; };
		AB14389224157990006252C2 /* Base */ = {isa = PBXFileReference; lastKnownFileType = file.storyboard; name = Base; path = Base.lproj/Main.storyboard; sourceTree = "<group>"; };
		AB14389424157990006252C2 /* Assets.xcassets */ = {isa = PBXFileReference; lastKnownFileType = folder.assetcatalog; path = Assets.xcassets; sourceTree = "<group>"; };
		AB14389724157990006252C2 /* Base */ = {isa = PBXFileReference; lastKnownFileType = file.storyboard; name = Base; path = Base.lproj/LaunchScreen.storyboard; sourceTree = "<group>"; };
		AB14389924157990006252C2 /* Info.plist */ = {isa = PBXFileReference; lastKnownFileType = text.plist.xml; path = Info.plist; sourceTree = "<group>"; };
		AB1438A2241581DB006252C2 /* LoginViewController.swift */ = {isa = PBXFileReference; lastKnownFileType = sourcecode.swift; path = LoginViewController.swift; sourceTree = "<group>"; };
		AB1438A4241581FF006252C2 /* RegisterViewController.swift */ = {isa = PBXFileReference; lastKnownFileType = sourcecode.swift; path = RegisterViewController.swift; sourceTree = "<group>"; };
		AB1438A62415838F006252C2 /* Constants.swift */ = {isa = PBXFileReference; lastKnownFileType = sourcecode.swift; path = Constants.swift; sourceTree = "<group>"; };
		AB1438A8241584F5006252C2 /* GoogleService-Info.plist */ = {isa = PBXFileReference; fileEncoding = 4; lastKnownFileType = text.plist.xml; name = "GoogleService-Info.plist"; path = "../../../Downloads/GoogleService-Info.plist"; sourceTree = "<group>"; };
		AB1E4AE3242638A00080DD85 /* Debt.swift */ = {isa = PBXFileReference; lastKnownFileType = sourcecode.swift; path = Debt.swift; sourceTree = "<group>"; };
		AB1E4AE5242642210080DD85 /* AddExpenseViewController.swift */ = {isa = PBXFileReference; lastKnownFileType = sourcecode.swift; path = AddExpenseViewController.swift; sourceTree = "<group>"; };
		AB631F442430F7CD00B14C0F /* ExpenseBrain.swift */ = {isa = PBXFileReference; lastKnownFileType = sourcecode.swift; path = ExpenseBrain.swift; sourceTree = "<group>"; };
		AB7612CC24158D4900846D6E /* DebtsViewController.swift */ = {isa = PBXFileReference; lastKnownFileType = sourcecode.swift; path = DebtsViewController.swift; sourceTree = "<group>"; };
		AB7612CE2415920000846D6E /* ExpenseTableViewCell.swift */ = {isa = PBXFileReference; lastKnownFileType = sourcecode.swift; path = ExpenseTableViewCell.swift; sourceTree = "<group>"; };
		AB7612CF2415920000846D6E /* ExpenseTableViewCell.xib */ = {isa = PBXFileReference; lastKnownFileType = file.xib; path = ExpenseTableViewCell.xib; sourceTree = "<group>"; };
		ABECAD84243E2373009B23BC /* ContactTableViewController.swift */ = {isa = PBXFileReference; lastKnownFileType = sourcecode.swift; path = ContactTableViewController.swift; sourceTree = "<group>"; };
		ABECAD86243E2460009B23BC /* ContactBrain.swift */ = {isa = PBXFileReference; lastKnownFileType = sourcecode.swift; path = ContactBrain.swift; sourceTree = "<group>"; };
		ABECAD88243E2632009B23BC /* ContactTableViewCell.swift */ = {isa = PBXFileReference; lastKnownFileType = sourcecode.swift; path = ContactTableViewCell.swift; sourceTree = "<group>"; };
		ABECAD89243E2632009B23BC /* ContactTableViewCell.xib */ = {isa = PBXFileReference; lastKnownFileType = file.xib; path = ContactTableViewCell.xib; sourceTree = "<group>"; };
/* End PBXFileReference section */

/* Begin PBXFrameworksBuildPhase section */
		AB14388524157990006252C2 /* Frameworks */ = {
			isa = PBXFrameworksBuildPhase;
			buildActionMask = 2147483647;
			files = (
				CF0A9B994D3BA740E19EACB4 /* Pods_iOweYou.framework in Frameworks */,
			);
			runOnlyForDeploymentPostprocessing = 0;
		};
/* End PBXFrameworksBuildPhase section */

/* Begin PBXGroup section */
		8F91F16E5389F3C9E0327A59 /* Pods */ = {
			isa = PBXGroup;
			children = (
				455201B427916A6C42180875 /* Pods-iOweYou.debug.xcconfig */,
				8B9C7BD869DEE42493C5C6A5 /* Pods-iOweYou.release.xcconfig */,
			);
			path = Pods;
			sourceTree = "<group>";
		};
		AB14387F24157990006252C2 = {
			isa = PBXGroup;
			children = (
				AB14388A24157990006252C2 /* iOweYou */,
				AB14388924157990006252C2 /* Products */,
				8F91F16E5389F3C9E0327A59 /* Pods */,
				C5C55F3B0151E2D5B9441344 /* Frameworks */,
			);
			sourceTree = "<group>";
		};
		AB14388924157990006252C2 /* Products */ = {
			isa = PBXGroup;
			children = (
				AB14388824157990006252C2 /* iOweYou.app */,
			);
			name = Products;
			sourceTree = "<group>";
		};
		AB14388A24157990006252C2 /* iOweYou */ = {
			isa = PBXGroup;
			children = (
				AB1438A12415816B006252C2 /* Controller */,
				AB1438A024158167006252C2 /* View */,
				AB14389F2415815A006252C2 /* Model */,
				AB14388B24157990006252C2 /* AppDelegate.swift */,
				AB14388D24157990006252C2 /* SceneDelegate.swift */,
				AB14389424157990006252C2 /* Assets.xcassets */,
				AB14389624157990006252C2 /* LaunchScreen.storyboard */,
				AB14389924157990006252C2 /* Info.plist */,
				AB1438A62415838F006252C2 /* Constants.swift */,
				AB1438A8241584F5006252C2 /* GoogleService-Info.plist */,
			);
			path = iOweYou;
			sourceTree = "<group>";
		};
		AB14389F2415815A006252C2 /* Model */ = {
			isa = PBXGroup;
			children = (
				AB1E4AE3242638A00080DD85 /* Debt.swift */,
				AB631F442430F7CD00B14C0F /* ExpenseBrain.swift */,
				ABECAD86243E2460009B23BC /* ContactBrain.swift */,
			);
			path = Model;
			sourceTree = "<group>";
		};
		AB1438A024158167006252C2 /* View */ = {
			isa = PBXGroup;
			children = (
				AB14389124157990006252C2 /* Main.storyboard */,
				AB7612CE2415920000846D6E /* ExpenseTableViewCell.swift */,
				AB7612CF2415920000846D6E /* ExpenseTableViewCell.xib */,
				ABECAD89243E2632009B23BC /* ContactTableViewCell.xib */,
				ABECAD88243E2632009B23BC /* ContactTableViewCell.swift */,
			);
			path = View;
			sourceTree = "<group>";
		};
		AB1438A12415816B006252C2 /* Controller */ = {
			isa = PBXGroup;
			children = (
				AB14388F24157990006252C2 /* ViewController.swift */,
				AB1438A2241581DB006252C2 /* LoginViewController.swift */,
				AB1438A4241581FF006252C2 /* RegisterViewController.swift */,
				AB7612CC24158D4900846D6E /* DebtsViewController.swift */,
				AB1E4AE5242642210080DD85 /* AddExpenseViewController.swift */,
				ABECAD84243E2373009B23BC /* ContactTableViewController.swift */,
			);
			path = Controller;
			sourceTree = "<group>";
		};
		C5C55F3B0151E2D5B9441344 /* Frameworks */ = {
			isa = PBXGroup;
			children = (
				6FBCA0E1CE4CAE9C8BF5F0CE /* Pods_iOweYou.framework */,
			);
			name = Frameworks;
			sourceTree = "<group>";
		};
/* End PBXGroup section */

/* Begin PBXNativeTarget section */
		AB14388724157990006252C2 /* iOweYou */ = {
			isa = PBXNativeTarget;
			buildConfigurationList = AB14389C24157990006252C2 /* Build configuration list for PBXNativeTarget "iOweYou" */;
			buildPhases = (
				6EC37CD652AD7535B929A304 /* [CP] Check Pods Manifest.lock */,
				AB14388424157990006252C2 /* Sources */,
				AB14388524157990006252C2 /* Frameworks */,
				AB14388624157990006252C2 /* Resources */,
				997D416FA585DB005BA4F67B /* [CP] Embed Pods Frameworks */,
			);
			buildRules = (
			);
			dependencies = (
			);
			name = iOweYou;
			productName = iOweYou;
			productReference = AB14388824157990006252C2 /* iOweYou.app */;
			productType = "com.apple.product-type.application";
		};
/* End PBXNativeTarget section */

/* Begin PBXProject section */
		AB14388024157990006252C2 /* Project object */ = {
			isa = PBXProject;
			attributes = {
				LastSwiftUpdateCheck = 1130;
				LastUpgradeCheck = 1130;
				ORGANIZATIONNAME = "Mantas Paškevičius";
				TargetAttributes = {
					AB14388724157990006252C2 = {
						CreatedOnToolsVersion = 11.3;
					};
				};
			};
			buildConfigurationList = AB14388324157990006252C2 /* Build configuration list for PBXProject "iOweYou" */;
			compatibilityVersion = "Xcode 9.3";
			developmentRegion = en;
			hasScannedForEncodings = 0;
			knownRegions = (
				en,
				Base,
			);
			mainGroup = AB14387F24157990006252C2;
			productRefGroup = AB14388924157990006252C2 /* Products */;
			projectDirPath = "";
			projectRoot = "";
			targets = (
				AB14388724157990006252C2 /* iOweYou */,
			);
		};
/* End PBXProject section */

/* Begin PBXResourcesBuildPhase section */
		AB14388624157990006252C2 /* Resources */ = {
			isa = PBXResourcesBuildPhase;
			buildActionMask = 2147483647;
			files = (
				ABECAD8B243E2632009B23BC /* ContactTableViewCell.xib in Resources */,
				AB14389824157990006252C2 /* LaunchScreen.storyboard in Resources */,
				AB1438A9241584F5006252C2 /* GoogleService-Info.plist in Resources */,
				AB14389524157990006252C2 /* Assets.xcassets in Resources */,
				AB14389324157990006252C2 /* Main.storyboard in Resources */,
				AB7612D12415920000846D6E /* ExpenseTableViewCell.xib in Resources */,
			);
			runOnlyForDeploymentPostprocessing = 0;
		};
/* End PBXResourcesBuildPhase section */

/* Begin PBXShellScriptBuildPhase section */
		6EC37CD652AD7535B929A304 /* [CP] Check Pods Manifest.lock */ = {
			isa = PBXShellScriptBuildPhase;
			buildActionMask = 2147483647;
			files = (
			);
			inputFileListPaths = (
			);
			inputPaths = (
				"${PODS_PODFILE_DIR_PATH}/Podfile.lock",
				"${PODS_ROOT}/Manifest.lock",
			);
			name = "[CP] Check Pods Manifest.lock";
			outputFileListPaths = (
			);
			outputPaths = (
				"$(DERIVED_FILE_DIR)/Pods-iOweYou-checkManifestLockResult.txt",
			);
			runOnlyForDeploymentPostprocessing = 0;
			shellPath = /bin/sh;
			shellScript = "diff \"${PODS_PODFILE_DIR_PATH}/Podfile.lock\" \"${PODS_ROOT}/Manifest.lock\" > /dev/null\nif [ $? != 0 ] ; then\n    # print error to STDERR\n    echo \"error: The sandbox is not in sync with the Podfile.lock. Run 'pod install' or update your CocoaPods installation.\" >&2\n    exit 1\nfi\n# This output is used by Xcode 'outputs' to avoid re-running this script phase.\necho \"SUCCESS\" > \"${SCRIPT_OUTPUT_FILE_0}\"\n";
			showEnvVarsInLog = 0;
		};
		997D416FA585DB005BA4F67B /* [CP] Embed Pods Frameworks */ = {
			isa = PBXShellScriptBuildPhase;
			buildActionMask = 2147483647;
			files = (
			);
			inputFileListPaths = (
				"${PODS_ROOT}/Target Support Files/Pods-iOweYou/Pods-iOweYou-frameworks-${CONFIGURATION}-input-files.xcfilelist",
			);
			name = "[CP] Embed Pods Frameworks";
			outputFileListPaths = (
				"${PODS_ROOT}/Target Support Files/Pods-iOweYou/Pods-iOweYou-frameworks-${CONFIGURATION}-output-files.xcfilelist",
			);
			runOnlyForDeploymentPostprocessing = 0;
			shellPath = /bin/sh;
			shellScript = "\"${PODS_ROOT}/Target Support Files/Pods-iOweYou/Pods-iOweYou-frameworks.sh\"\n";
			showEnvVarsInLog = 0;
		};
/* End PBXShellScriptBuildPhase section */

/* Begin PBXSourcesBuildPhase section */
		AB14388424157990006252C2 /* Sources */ = {
			isa = PBXSourcesBuildPhase;
			buildActionMask = 2147483647;
			files = (
				ABECAD87243E2460009B23BC /* ContactBrain.swift in Sources */,
				AB1E4AE4242638A00080DD85 /* Debt.swift in Sources */,
				AB7612D02415920000846D6E /* ExpenseTableViewCell.swift in Sources */,
				AB1438A3241581DB006252C2 /* LoginViewController.swift in Sources */,
				ABECAD8A243E2632009B23BC /* ContactTableViewCell.swift in Sources */,
				AB1438A5241581FF006252C2 /* RegisterViewController.swift in Sources */,
				AB7612CD24158D4900846D6E /* DebtsViewController.swift in Sources */,
				AB14389024157990006252C2 /* ViewController.swift in Sources */,
				AB14388C24157990006252C2 /* AppDelegate.swift in Sources */,
				AB1E4AE6242642210080DD85 /* AddExpenseViewController.swift in Sources */,
				ABECAD85243E2373009B23BC /* ContactTableViewController.swift in Sources */,
				AB14388E24157990006252C2 /* SceneDelegate.swift in Sources */,
				AB631F452430F7CD00B14C0F /* ExpenseBrain.swift in Sources */,
				AB1438A72415838F006252C2 /* Constants.swift in Sources */,
			);
			runOnlyForDeploymentPostprocessing = 0;
		};
/* End PBXSourcesBuildPhase section */

/* Begin PBXVariantGroup section */
		AB14389124157990006252C2 /* Main.storyboard */ = {
			isa = PBXVariantGroup;
			children = (
				AB14389224157990006252C2 /* Base */,
			);
			name = Main.storyboard;
			sourceTree = "<group>";
		};
		AB14389624157990006252C2 /* LaunchScreen.storyboard */ = {
			isa = PBXVariantGroup;
			children = (
				AB14389724157990006252C2 /* Base */,
			);
			name = LaunchScreen.storyboard;
			sourceTree = "<group>";
		};
/* End PBXVariantGroup section */

/* Begin XCBuildConfiguration section */
		AB14389A24157990006252C2 /* Debug */ = {
			isa = XCBuildConfiguration;
			buildSettings = {
				ALWAYS_SEARCH_USER_PATHS = NO;
				CLANG_ANALYZER_NONNULL = YES;
				CLANG_ANALYZER_NUMBER_OBJECT_CONVERSION = YES_AGGRESSIVE;
				CLANG_CXX_LANGUAGE_STANDARD = "gnu++14";
				CLANG_CXX_LIBRARY = "libc++";
				CLANG_ENABLE_MODULES = YES;
				CLANG_ENABLE_OBJC_ARC = YES;
				CLANG_ENABLE_OBJC_WEAK = YES;
				CLANG_WARN_BLOCK_CAPTURE_AUTORELEASING = YES;
				CLANG_WARN_BOOL_CONVERSION = YES;
				CLANG_WARN_COMMA = YES;
				CLANG_WARN_CONSTANT_CONVERSION = YES;
				CLANG_WARN_DEPRECATED_OBJC_IMPLEMENTATIONS = YES;
				CLANG_WARN_DIRECT_OBJC_ISA_USAGE = YES_ERROR;
				CLANG_WARN_DOCUMENTATION_COMMENTS = YES;
				CLANG_WARN_EMPTY_BODY = YES;
				CLANG_WARN_ENUM_CONVERSION = YES;
				CLANG_WARN_INFINITE_RECURSION = YES;
				CLANG_WARN_INT_CONVERSION = YES;
				CLANG_WARN_NON_LITERAL_NULL_CONVERSION = YES;
				CLANG_WARN_OBJC_IMPLICIT_RETAIN_SELF = YES;
				CLANG_WARN_OBJC_LITERAL_CONVERSION = YES;
				CLANG_WARN_OBJC_ROOT_CLASS = YES_ERROR;
				CLANG_WARN_RANGE_LOOP_ANALYSIS = YES;
				CLANG_WARN_STRICT_PROTOTYPES = YES;
				CLANG_WARN_SUSPICIOUS_MOVE = YES;
				CLANG_WARN_UNGUARDED_AVAILABILITY = YES_AGGRESSIVE;
				CLANG_WARN_UNREACHABLE_CODE = YES;
				CLANG_WARN__DUPLICATE_METHOD_MATCH = YES;
				COPY_PHASE_STRIP = NO;
				DEBUG_INFORMATION_FORMAT = dwarf;
				ENABLE_STRICT_OBJC_MSGSEND = YES;
				ENABLE_TESTABILITY = YES;
				GCC_C_LANGUAGE_STANDARD = gnu11;
				GCC_DYNAMIC_NO_PIC = NO;
				GCC_NO_COMMON_BLOCKS = YES;
				GCC_OPTIMIZATION_LEVEL = 0;
				GCC_PREPROCESSOR_DEFINITIONS = (
					"DEBUG=1",
					"$(inherited)",
				);
				GCC_WARN_64_TO_32_BIT_CONVERSION = YES;
				GCC_WARN_ABOUT_RETURN_TYPE = YES_ERROR;
				GCC_WARN_UNDECLARED_SELECTOR = YES;
				GCC_WARN_UNINITIALIZED_AUTOS = YES_AGGRESSIVE;
				GCC_WARN_UNUSED_FUNCTION = YES;
				GCC_WARN_UNUSED_VARIABLE = YES;
				IPHONEOS_DEPLOYMENT_TARGET = 13.2;
				MTL_ENABLE_DEBUG_INFO = INCLUDE_SOURCE;
				MTL_FAST_MATH = YES;
				ONLY_ACTIVE_ARCH = YES;
				SDKROOT = iphoneos;
				SWIFT_ACTIVE_COMPILATION_CONDITIONS = DEBUG;
				SWIFT_OPTIMIZATION_LEVEL = "-Onone";
			};
			name = Debug;
		};
		AB14389B24157990006252C2 /* Release */ = {
			isa = XCBuildConfiguration;
			buildSettings = {
				ALWAYS_SEARCH_USER_PATHS = NO;
				CLANG_ANALYZER_NONNULL = YES;
				CLANG_ANALYZER_NUMBER_OBJECT_CONVERSION = YES_AGGRESSIVE;
				CLANG_CXX_LANGUAGE_STANDARD = "gnu++14";
				CLANG_CXX_LIBRARY = "libc++";
				CLANG_ENABLE_MODULES = YES;
				CLANG_ENABLE_OBJC_ARC = YES;
				CLANG_ENABLE_OBJC_WEAK = YES;
				CLANG_WARN_BLOCK_CAPTURE_AUTORELEASING = YES;
				CLANG_WARN_BOOL_CONVERSION = YES;
				CLANG_WARN_COMMA = YES;
				CLANG_WARN_CONSTANT_CONVERSION = YES;
				CLANG_WARN_DEPRECATED_OBJC_IMPLEMENTATIONS = YES;
				CLANG_WARN_DIRECT_OBJC_ISA_USAGE = YES_ERROR;
				CLANG_WARN_DOCUMENTATION_COMMENTS = YES;
				CLANG_WARN_EMPTY_BODY = YES;
				CLANG_WARN_ENUM_CONVERSION = YES;
				CLANG_WARN_INFINITE_RECURSION = YES;
				CLANG_WARN_INT_CONVERSION = YES;
				CLANG_WARN_NON_LITERAL_NULL_CONVERSION = YES;
				CLANG_WARN_OBJC_IMPLICIT_RETAIN_SELF = YES;
				CLANG_WARN_OBJC_LITERAL_CONVERSION = YES;
				CLANG_WARN_OBJC_ROOT_CLASS = YES_ERROR;
				CLANG_WARN_RANGE_LOOP_ANALYSIS = YES;
				CLANG_WARN_STRICT_PROTOTYPES = YES;
				CLANG_WARN_SUSPICIOUS_MOVE = YES;
				CLANG_WARN_UNGUARDED_AVAILABILITY = YES_AGGRESSIVE;
				CLANG_WARN_UNREACHABLE_CODE = YES;
				CLANG_WARN__DUPLICATE_METHOD_MATCH = YES;
				COPY_PHASE_STRIP = NO;
				DEBUG_INFORMATION_FORMAT = "dwarf-with-dsym";
				ENABLE_NS_ASSERTIONS = NO;
				ENABLE_STRICT_OBJC_MSGSEND = YES;
				GCC_C_LANGUAGE_STANDARD = gnu11;
				GCC_NO_COMMON_BLOCKS = YES;
				GCC_WARN_64_TO_32_BIT_CONVERSION = YES;
				GCC_WARN_ABOUT_RETURN_TYPE = YES_ERROR;
				GCC_WARN_UNDECLARED_SELECTOR = YES;
				GCC_WARN_UNINITIALIZED_AUTOS = YES_AGGRESSIVE;
				GCC_WARN_UNUSED_FUNCTION = YES;
				GCC_WARN_UNUSED_VARIABLE = YES;
				IPHONEOS_DEPLOYMENT_TARGET = 13.2;
				MTL_ENABLE_DEBUG_INFO = NO;
				MTL_FAST_MATH = YES;
				SDKROOT = iphoneos;
				SWIFT_COMPILATION_MODE = wholemodule;
				SWIFT_OPTIMIZATION_LEVEL = "-O";
				VALIDATE_PRODUCT = YES;
			};
			name = Release;
		};
		AB14389D24157990006252C2 /* Debug */ = {
			isa = XCBuildConfiguration;
			baseConfigurationReference = 455201B427916A6C42180875 /* Pods-iOweYou.debug.xcconfig */;
			buildSettings = {
				ASSETCATALOG_COMPILER_APPICON_NAME = AppIcon;
				CODE_SIGN_STYLE = Automatic;
				INFOPLIST_FILE = iOweYou/Info.plist;
				LD_RUNPATH_SEARCH_PATHS = (
					"$(inherited)",
					"@executable_path/Frameworks",
				);
				PRODUCT_BUNDLE_IDENTIFIER = com.mantas.iOweYou;
				PRODUCT_NAME = "$(TARGET_NAME)";
				SWIFT_VERSION = 5.0;
				TARGETED_DEVICE_FAMILY = "1,2";
			};
			name = Debug;
		};
		AB14389E24157990006252C2 /* Release */ = {
			isa = XCBuildConfiguration;
			baseConfigurationReference = 8B9C7BD869DEE42493C5C6A5 /* Pods-iOweYou.release.xcconfig */;
			buildSettings = {
				ASSETCATALOG_COMPILER_APPICON_NAME = AppIcon;
				CODE_SIGN_STYLE = Automatic;
				INFOPLIST_FILE = iOweYou/Info.plist;
				LD_RUNPATH_SEARCH_PATHS = (
					"$(inherited)",
					"@executable_path/Frameworks",
				);
				PRODUCT_BUNDLE_IDENTIFIER = com.mantas.iOweYou;
				PRODUCT_NAME = "$(TARGET_NAME)";
				SWIFT_VERSION = 5.0;
				TARGETED_DEVICE_FAMILY = "1,2";
			};
			name = Release;
		};
/* End XCBuildConfiguration section */

/* Begin XCConfigurationList section */
		AB14388324157990006252C2 /* Build configuration list for PBXProject "iOweYou" */ = {
			isa = XCConfigurationList;
			buildConfigurations = (
				AB14389A24157990006252C2 /* Debug */,
				AB14389B24157990006252C2 /* Release */,
			);
			defaultConfigurationIsVisible = 0;
			defaultConfigurationName = Release;
		};
		AB14389C24157990006252C2 /* Build configuration list for PBXNativeTarget "iOweYou" */ = {
			isa = XCConfigurationList;
			buildConfigurations = (
				AB14389D24157990006252C2 /* Debug */,
				AB14389E24157990006252C2 /* Release */,
			);
			defaultConfigurationIsVisible = 0;
			defaultConfigurationName = Release;
		};
/* End XCConfigurationList section */
	};
	rootObject = AB14388024157990006252C2 /* Project object */;
}
